
Microsoft Visual Studio Solution File, Format Version 12.00
# Visual Studio 15
VisualStudioVersion = 15.0.28010.2050
MinimumVisualStudioVersion = 10.0.40219.1
Project("{8BC9CEB8-8B4A-11D0-8D11-00A0C91BC942}") = "p21", "p21\p21.vcxproj", "{1406865D-1D8B-464B-B0CB-E2D0F17990D4}"
EndProject
Global
	GlobalSection(SolutionConfigurationPlatforms) = preSolution
		Debug|x64 = Debug|x64
		Debug|x86 = Debug|x86
		Release|x64 = Release|x64
		Release|x86 = Release|x86
	EndGlobalSection
	GlobalSection(ProjectConfigurationPlatforms) = postSolution
		{1406865D-1D8B-464B-B0CB-E2D0F17990D4}.Debug|x64.ActiveCfg = Debug|x64
		{1406865D-1D8B-464B-B0CB-E2D0F17990D4}.Debug|x64.Build.0 = Debug|x64
		{1406865D-1D8B-464B-B0CB-E2D0F17990D4}.Debug|x86.ActiveCfg = Debug|Win32
		{1406865D-1D8B-464B-B0CB-E2D0F17990D4}.Debug|x86.Build.0 = Debug|Win32
		{1406865D-1D8B-464B-B0CB-E2D0F17990D4}.Release|x64.ActiveCfg = Release|x64
		{1406865D-1D8B-464B-B0CB-E2D0F17990D4}.Release|x64.Build.0 = Release|x64
		{1406865D-1D8B-464B-B0CB-E2D0F17990D4}.Release|x86.ActiveCfg = Release|Win32
		{1406865D-1D8B-464B-B0CB-E2D0F17990D4}.Release|x86.Build.0 = Release|Win32
	EndGlobalSection
	GlobalSection(SolutionProperties) = preSolution
		HideSolutionNode = FALSE
	EndGlobalSection
	GlobalSection(ExtensibilityGlobals) = postSolution
		SolutionGuid = {7099F187-0157-4B74-AAD0-EB42BE57ABE1}
	EndGlobalSection
EndGlobal
