
Microsoft Visual Studio Solution File, Format Version 12.00
# Visual Studio 15
VisualStudioVersion = 15.0.28010.2050
MinimumVisualStudioVersion = 10.0.40219.1
Project("{8BC9CEB8-8B4A-11D0-8D11-00A0C91BC942}") = "p28", "p28\p28.vcxproj", "{F42A68E8-19FB-41E8-A3C5-A15B74B0B45C}"
EndProject
Global
	GlobalSection(SolutionConfigurationPlatforms) = preSolution
		Debug|x64 = Debug|x64
		Debug|x86 = Debug|x86
		Release|x64 = Release|x64
		Release|x86 = Release|x86
	EndGlobalSection
	GlobalSection(ProjectConfigurationPlatforms) = postSolution
		{F42A68E8-19FB-41E8-A3C5-A15B74B0B45C}.Debug|x64.ActiveCfg = Debug|x64
		{F42A68E8-19FB-41E8-A3C5-A15B74B0B45C}.Debug|x64.Build.0 = Debug|x64
		{F42A68E8-19FB-41E8-A3C5-A15B74B0B45C}.Debug|x86.ActiveCfg = Debug|Win32
		{F42A68E8-19FB-41E8-A3C5-A15B74B0B45C}.Debug|x86.Build.0 = Debug|Win32
		{F42A68E8-19FB-41E8-A3C5-A15B74B0B45C}.Release|x64.ActiveCfg = Release|x64
		{F42A68E8-19FB-41E8-A3C5-A15B74B0B45C}.Release|x64.Build.0 = Release|x64
		{F42A68E8-19FB-41E8-A3C5-A15B74B0B45C}.Release|x86.ActiveCfg = Release|Win32
		{F42A68E8-19FB-41E8-A3C5-A15B74B0B45C}.Release|x86.Build.0 = Release|Win32
	EndGlobalSection
	GlobalSection(SolutionProperties) = preSolution
		HideSolutionNode = FALSE
	EndGlobalSection
	GlobalSection(ExtensibilityGlobals) = postSolution
		SolutionGuid = {91A5C285-5DEF-466B-9DEF-47ADC9118C75}
	EndGlobalSection
EndGlobal
